
Microsoft Visual Studio Solution File, Format Version 12.00
# Visual Studio Version 17
VisualStudioVersion = 17.0.31903.59
MinimumVisualStudioVersion = 10.0.40219.1
Project("{FAE04EC0-301F-11D3-BF4B-00C04F79EFBC}") = "Modules", "Modules\Modules.csproj", "{877BC3BD-A7AF-471B-A488-A2F27ACB01EB}"
EndProject
Project("{FAE04EC0-301F-11D3-BF4B-00C04F79EFBC}") = "Console", "Console\Console.csproj", "{7CABDB0B-137A-40EE-A9CF-22C10D5AB754}"
EndProject
Global
	GlobalSection(SolutionConfigurationPlatforms) = preSolution
		Debug|Any CPU = Debug|Any CPU
		Release|Any CPU = Release|Any CPU
	EndGlobalSection
	GlobalSection(SolutionProperties) = preSolution
		HideSolutionNode = FALSE
	EndGlobalSection
	GlobalSection(ProjectConfigurationPlatforms) = postSolution
		{877BC3BD-A7AF-471B-A488-A2F27ACB01EB}.Debug|Any CPU.ActiveCfg = Debug|Any CPU
		{877BC3BD-A7AF-471B-A488-A2F27ACB01EB}.Debug|Any CPU.Build.0 = Debug|Any CPU
		{877BC3BD-A7AF-471B-A488-A2F27ACB01EB}.Release|Any CPU.ActiveCfg = Release|Any CPU
		{877BC3BD-A7AF-471B-A488-A2F27ACB01EB}.Release|Any CPU.Build.0 = Release|Any CPU
		{7CABDB0B-137A-40EE-A9CF-22C10D5AB754}.Debug|Any CPU.ActiveCfg = Debug|Any CPU
		{7CABDB0B-137A-40EE-A9CF-22C10D5AB754}.Debug|Any CPU.Build.0 = Debug|Any CPU
		{7CABDB0B-137A-40EE-A9CF-22C10D5AB754}.Release|Any CPU.ActiveCfg = Release|Any CPU
		{7CABDB0B-137A-40EE-A9CF-22C10D5AB754}.Release|Any CPU.Build.0 = Release|Any CPU
	EndGlobalSection
EndGlobal
